# THIS IS AN AUTOGENERATED FILE. DO NOT EDIT THIS FILE DIRECTLY.
# yarn lockfile v1


"@heroicons/react@^2.0.16":
  version "2.0.16"
  resolved "https://registry.yarnpkg.com/@heroicons/react/-/react-2.0.16.tgz#562883c19ba2690c83380b42a9a5cce39dcbdb4a"
  integrity sha512-x89rFxH3SRdYaA+JCXwfe+RkE1SFTo9GcOkZettHer71Y3T7V+ogKmfw5CjTazgS3d0ClJ7p1NA+SP7VQLQcLw==
